{
  "pins" : [
    {
      "identity" : "thorvg.ruyi",
      "kind" : "remoteSourceControl",
      "location" : "https://github.com/vnixx/thorvg.ruyi.git",
      "state" : {
        "revision" : "9cc607e91113428e917cfc771435810c583d3b65",
        "version" : "1.1.0"
      }
    }
  ],
  "version" : 2
}
