{
  "pins" : [
    {
      "identity" : "thorvg.swift",
      "kind" : "remoteSourceControl",
      "location" : "https://github.com/vnixx/thorvg.swift.git",
      "state" : {
        "revision" : "fd561426202f30a1ce9e700e224c0ab31ad151c2",
        "version" : "0.0.3"
      }
    }
  ],
  "version" : 2
}
